// !$*UTF8*$!
{
	archiveVersion = 1;
	classes = {
	};
	objectVersion = 46;
	objects = {

/* Begin PBXBuildFile section */
		EB751B4D182D6EF400DFFB0B /* MMDrawerBarButtonItem.m in Sources */ = {isa = PBXBuildFile; fileRef = EB751B3C182D6EF400DFFB0B /* MMDrawerBarButtonItem.m */; };
		EB751B4E182D6EF400DFFB0B /* MMDrawerController.m in Sources */ = {isa = PBXBuildFile; fileRef = EB751B3E182D6EF400DFFB0B /* MMDrawerController.m */; };
		EB751B4F182D6EF400DFFB0B /* MMDrawerVisualState.m in Sources */ = {isa = PBXBuildFile; fileRef = EB751B40182D6EF400DFFB0B /* MMDrawerVisualState.m */; };
		EB751B50182D6EF400DFFB0B /* MMExampleDrawerVisualStateManager.m in Sources */ = {isa = PBXBuildFile; fileRef = EB751B42182D6EF400DFFB0B /* MMExampleDrawerVisualStateManager.m */; };
		EB751B51182D6EF400DFFB0B /* MMExampleLeftSideDrawerViewController.m in Sources */ = {isa = PBXBuildFile; fileRef = EB751B44182D6EF400DFFB0B /* MMExampleLeftSideDrawerViewController.m */; };
		EB751B52182D6EF400DFFB0B /* MMExampleSideDrawerViewController.m in Sources */ = {isa = PBXBuildFile; fileRef = EB751B46182D6EF400DFFB0B /* MMExampleSideDrawerViewController.m */; };
		EB751B53182D6EF400DFFB0B /* MMSideDrawerSectionHeaderView.m in Sources */ = {isa = PBXBuildFile; fileRef = EB751B48182D6EF400DFFB0B /* MMSideDrawerSectionHeaderView.m */; };
		EB751B54182D6EF400DFFB0B /* MMSideDrawerTableViewCell.m in Sources */ = {isa = PBXBuildFile; fileRef = EB751B4A182D6EF400DFFB0B /* MMSideDrawerTableViewCell.m */; };
		EB751B55182D6EF400DFFB0B /* MMTableViewCell.m in Sources */ = {isa = PBXBuildFile; fileRef = EB751B4C182D6EF400DFFB0B /* MMTableViewCell.m */; };
		EB751B58182D6F0C00DFFB0B /* UIViewController+MMDrawerController.m in Sources */ = {isa = PBXBuildFile; fileRef = EB751B57182D6F0C00DFFB0B /* UIViewController+MMDrawerController.m */; };
		EB751B5B182D99F300DFFB0B /* ViewController_iPhone.xib in Resources */ = {isa = PBXBuildFile; fileRef = EB751B59182D99F300DFFB0B /* ViewController_iPhone.xib */; };
		EB751B5C182D99F300DFFB0B /* ViewController_iPad.xib in Resources */ = {isa = PBXBuildFile; fileRef = EB751B5A182D99F300DFFB0B /* ViewController_iPad.xib */; };
		EB751B60182D9D8C00DFFB0B /* MenuButton.png in Resources */ = {isa = PBXBuildFile; fileRef = EB751B5E182D9D8C00DFFB0B /* MenuButton.png */; };
		EB751B61182D9D8C00DFFB0B /* MenuButton@2x.png in Resources */ = {isa = PBXBuildFile; fileRef = EB751B5F182D9D8C00DFFB0B /* MenuButton@2x.png */; };
		EB751B64182DA0E400DFFB0B /* Roboto-Light.ttf in Resources */ = {isa = PBXBuildFile; fileRef = EB751B62182DA0E400DFFB0B /* Roboto-Light.ttf */; };
		EB751B65182DA0E400DFFB0B /* Roboto-Medium.ttf in Resources */ = {isa = PBXBuildFile; fileRef = EB751B63182DA0E400DFFB0B /* Roboto-Medium.ttf */; };
		EBF3440518172D15006F27FD /* Foundation.framework in Frameworks */ = {isa = PBXBuildFile; fileRef = EBF3440418172D15006F27FD /* Foundation.framework */; };
		EBF3440718172D15006F27FD /* CoreGraphics.framework in Frameworks */ = {isa = PBXBuildFile; fileRef = EBF3440618172D15006F27FD /* CoreGraphics.framework */; };
		EBF3440918172D15006F27FD /* UIKit.framework in Frameworks */ = {isa = PBXBuildFile; fileRef = EBF3440818172D15006F27FD /* UIKit.framework */; };
		EBF3440F18172D15006F27FD /* InfoPlist.strings in Resources */ = {isa = PBXBuildFile; fileRef = EBF3440D18172D15006F27FD /* InfoPlist.strings */; };
		EBF3441118172D15006F27FD /* main.m in Sources */ = {isa = PBXBuildFile; fileRef = EBF3441018172D15006F27FD /* main.m */; };
		EBF3441518172D15006F27FD /* AppDelegate.m in Sources */ = {isa = PBXBuildFile; fileRef = EBF3441418172D15006F27FD /* AppDelegate.m */; };
		EBF3441818172D15006F27FD /* Main.storyboard in Resources */ = {isa = PBXBuildFile; fileRef = EBF3441618172D15006F27FD /* Main.storyboard */; };
		EBF3441B18172D15006F27FD /* ViewController.m in Sources */ = {isa = PBXBuildFile; fileRef = EBF3441A18172D15006F27FD /* ViewController.m */; };
		EBF3441D18172D15006F27FD /* Images.xcassets in Resources */ = {isa = PBXBuildFile; fileRef = EBF3441C18172D15006F27FD /* Images.xcassets */; };
		EBF3442418172D16006F27FD /* XCTest.framework in Frameworks */ = {isa = PBXBuildFile; fileRef = EBF3442318172D16006F27FD /* XCTest.framework */; };
		EBF3442518172D16006F27FD /* Foundation.framework in Frameworks */ = {isa = PBXBuildFile; fileRef = EBF3440418172D15006F27FD /* Foundation.framework */; };
		EBF3442618172D16006F27FD /* UIKit.framework in Frameworks */ = {isa = PBXBuildFile; fileRef = EBF3440818172D15006F27FD /* UIKit.framework */; };
		EBF3442E18172D16006F27FD /* InfoPlist.strings in Resources */ = {isa = PBXBuildFile; fileRef = EBF3442C18172D16006F27FD /* InfoPlist.strings */; };
		EBF3443018172D16006F27FD /* Carillon_LiteTests.m in Sources */ = {isa = PBXBuildFile; fileRef = EBF3442F18172D16006F27FD /* Carillon_LiteTests.m */; };
/* End PBXBuildFile section */

/* Begin PBXContainerItemProxy section */
		EBF3442718172D16006F27FD /* PBXContainerItemProxy */ = {
			isa = PBXContainerItemProxy;
			containerPortal = EBF343F918172D15006F27FD /* Project object */;
			proxyType = 1;
			remoteGlobalIDString = EBF3440018172D15006F27FD;
			remoteInfo = "Carillon Lite";
		};
/* End PBXContainerItemProxy section */

/* Begin PBXFileReference section */
		EB751B3B182D6EF400DFFB0B /* MMDrawerBarButtonItem.h */ = {isa = PBXFileReference; fileEncoding = 4; lastKnownFileType = sourcecode.c.h; path = MMDrawerBarButtonItem.h; sourceTree = "<group>"; };
		EB751B3C182D6EF400DFFB0B /* MMDrawerBarButtonItem.m */ = {isa = PBXFileReference; fileEncoding = 4; lastKnownFileType = sourcecode.c.objc; path = MMDrawerBarButtonItem.m; sourceTree = "<group>"; };
		EB751B3D182D6EF400DFFB0B /* MMDrawerController.h */ = {isa = PBXFileReference; fileEncoding = 4; lastKnownFileType = sourcecode.c.h; path = MMDrawerController.h; sourceTree = "<group>"; };
		EB751B3E182D6EF400DFFB0B /* MMDrawerController.m */ = {isa = PBXFileReference; fileEncoding = 4; lastKnownFileType = sourcecode.c.objc; path = MMDrawerController.m; sourceTree = "<group>"; };
		EB751B3F182D6EF400DFFB0B /* MMDrawerVisualState.h */ = {isa = PBXFileReference; fileEncoding = 4; lastKnownFileType = sourcecode.c.h; path = MMDrawerVisualState.h; sourceTree = "<group>"; };
		EB751B40182D6EF400DFFB0B /* MMDrawerVisualState.m */ = {isa = PBXFileReference; fileEncoding = 4; lastKnownFileType = sourcecode.c.objc; path = MMDrawerVisualState.m; sourceTree = "<group>"; };
		EB751B41182D6EF400DFFB0B /* MMExampleDrawerVisualStateManager.h */ = {isa = PBXFileReference; fileEncoding = 4; lastKnownFileType = sourcecode.c.h; path = MMExampleDrawerVisualStateManager.h; sourceTree = "<group>"; };
		EB751B42182D6EF400DFFB0B /* MMExampleDrawerVisualStateManager.m */ = {isa = PBXFileReference; fileEncoding = 4; lastKnownFileType = sourcecode.c.objc; path = MMExampleDrawerVisualStateManager.m; sourceTree = "<group>"; };
		EB751B43182D6EF400DFFB0B /* MMExampleLeftSideDrawerViewController.h */ = {isa = PBXFileReference; fileEncoding = 4; lastKnownFileType = sourcecode.c.h; path = MMExampleLeftSideDrawerViewController.h; sourceTree = "<group>"; };
		EB751B44182D6EF400DFFB0B /* MMExampleLeftSideDrawerViewController.m */ = {isa = PBXFileReference; fileEncoding = 4; lastKnownFileType = sourcecode.c.objc; path = MMExampleLeftSideDrawerViewController.m; sourceTree = "<group>"; };
		EB751B45182D6EF400DFFB0B /* MMExampleSideDrawerViewController.h */ = {isa = PBXFileReference; fileEncoding = 4; lastKnownFileType = sourcecode.c.h; path = MMExampleSideDrawerViewController.h; sourceTree = "<group>"; };
		EB751B46182D6EF400DFFB0B /* MMExampleSideDrawerViewController.m */ = {isa = PBXFileReference; fileEncoding = 4; lastKnownFileType = sourcecode.c.objc; path = MMExampleSideDrawerViewController.m; sourceTree = "<group>"; };
		EB751B47182D6EF400DFFB0B /* MMSideDrawerSectionHeaderView.h */ = {isa = PBXFileReference; fileEncoding = 4; lastKnownFileType = sourcecode.c.h; path = MMSideDrawerSectionHeaderView.h; sourceTree = "<group>"; };
		EB751B48182D6EF400DFFB0B /* MMSideDrawerSectionHeaderView.m */ = {isa = PBXFileReference; fileEncoding = 4; lastKnownFileType = sourcecode.c.objc; path = MMSideDrawerSectionHeaderView.m; sourceTree = "<group>"; };
		EB751B49182D6EF400DFFB0B /* MMSideDrawerTableViewCell.h */ = {isa = PBXFileReference; fileEncoding = 4; lastKnownFileType = sourcecode.c.h; path = MMSideDrawerTableViewCell.h; sourceTree = "<group>"; };
		EB751B4A182D6EF400DFFB0B /* MMSideDrawerTableViewCell.m */ = {isa = PBXFileReference; fileEncoding = 4; lastKnownFileType = sourcecode.c.objc; path = MMSideDrawerTableViewCell.m; sourceTree = "<group>"; };
		EB751B4B182D6EF400DFFB0B /* MMTableViewCell.h */ = {isa = PBXFileReference; fileEncoding = 4; lastKnownFileType = sourcecode.c.h; path = MMTableViewCell.h; sourceTree = "<group>"; };
		EB751B4C182D6EF400DFFB0B /* MMTableViewCell.m */ = {isa = PBXFileReference; fileEncoding = 4; lastKnownFileType = sourcecode.c.objc; path = MMTableViewCell.m; sourceTree = "<group>"; };
		EB751B56182D6F0C00DFFB0B /* UIViewController+MMDrawerController.h */ = {isa = PBXFileReference; fileEncoding = 4; lastKnownFileType = sourcecode.c.h; path = "UIViewController+MMDrawerController.h"; sourceTree = "<group>"; };
		EB751B57182D6F0C00DFFB0B /* UIViewController+MMDrawerController.m */ = {isa = PBXFileReference; fileEncoding = 4; lastKnownFileType = sourcecode.c.objc; path = "UIViewController+MMDrawerController.m"; sourceTree = "<group>"; };
		EB751B59182D99F300DFFB0B /* ViewController_iPhone.xib */ = {isa = PBXFileReference; fileEncoding = 4; lastKnownFileType = file.xib; path = ViewController_iPhone.xib; sourceTree = "<group>"; };
		EB751B5A182D99F300DFFB0B /* ViewController_iPad.xib */ = {isa = PBXFileReference; fileEncoding = 4; lastKnownFileType = file.xib; path = ViewController_iPad.xib; sourceTree = "<group>"; };
		EB751B5D182D9A5000DFFB0B /* ViewControllerDelegate.h */ = {isa = PBXFileReference; fileEncoding = 4; lastKnownFileType = sourcecode.c.h; path = ViewControllerDelegate.h; sourceTree = "<group>"; };
		EB751B5E182D9D8C00DFFB0B /* MenuButton.png */ = {isa = PBXFileReference; lastKnownFileType = image.png; path = MenuButton.png; sourceTree = "<group>"; };
		EB751B5F182D9D8C00DFFB0B /* MenuButton@2x.png */ = {isa = PBXFileReference; lastKnownFileType = image.png; path = "MenuButton@2x.png"; sourceTree = "<group>"; };
		EB751B62182DA0E400DFFB0B /* Roboto-Light.ttf */ = {isa = PBXFileReference; lastKnownFileType = file; path = "Roboto-Light.ttf"; sourceTree = "<group>"; };
		EB751B63182DA0E400DFFB0B /* Roboto-Medium.ttf */ = {isa = PBXFileReference; lastKnownFileType = file; path = "Roboto-Medium.ttf"; sourceTree = "<group>"; };
		EBF3440118172D15006F27FD /* Carillon Lite.app */ = {isa = PBXFileReference; explicitFileType = wrapper.application; includeInIndex = 0; path = "Carillon Lite.app"; sourceTree = BUILT_PRODUCTS_DIR; };
		EBF3440418172D15006F27FD /* Foundation.framework */ = {isa = PBXFileReference; lastKnownFileType = wrapper.framework; name = Foundation.framework; path = System/Library/Frameworks/Foundation.framework; sourceTree = SDKROOT; };
		EBF3440618172D15006F27FD /* CoreGraphics.framework */ = {isa = PBXFileReference; lastKnownFileType = wrapper.framework; name = CoreGraphics.framework; path = System/Library/Frameworks/CoreGraphics.framework; sourceTree = SDKROOT; };
		EBF3440818172D15006F27FD /* UIKit.framework */ = {isa = PBXFileReference; lastKnownFileType = wrapper.framework; name = UIKit.framework; path = System/Library/Frameworks/UIKit.framework; sourceTree = SDKROOT; };
		EBF3440C18172D15006F27FD /* Carillon Lite-Info.plist */ = {isa = PBXFileReference; lastKnownFileType = text.plist.xml; path = "Carillon Lite-Info.plist"; sourceTree = "<group>"; };
		EBF3440E18172D15006F27FD /* en */ = {isa = PBXFileReference; lastKnownFileType = text.plist.strings; name = en; path = en.lproj/InfoPlist.strings; sourceTree = "<group>"; };
		EBF3441018172D15006F27FD /* main.m */ = {isa = PBXFileReference; lastKnownFileType = sourcecode.c.objc; path = main.m; sourceTree = "<group>"; };
		EBF3441218172D15006F27FD /* Carillon Lite-Prefix.pch */ = {isa = PBXFileReference; lastKnownFileType = sourcecode.c.h; path = "Carillon Lite-Prefix.pch"; sourceTree = "<group>"; };
		EBF3441318172D15006F27FD /* AppDelegate.h */ = {isa = PBXFileReference; lastKnownFileType = sourcecode.c.h; path = AppDelegate.h; sourceTree = "<group>"; };
		EBF3441418172D15006F27FD /* AppDelegate.m */ = {isa = PBXFileReference; lastKnownFileType = sourcecode.c.objc; path = AppDelegate.m; sourceTree = "<group>"; };
		EBF3441718172D15006F27FD /* Base */ = {isa = PBXFileReference; lastKnownFileType = file.storyboard; name = Base; path = Base.lproj/Main.storyboard; sourceTree = "<group>"; };
		EBF3441918172D15006F27FD /* ViewController.h */ = {isa = PBXFileReference; lastKnownFileType = sourcecode.c.h; path = ViewController.h; sourceTree = "<group>"; };
		EBF3441A18172D15006F27FD /* ViewController.m */ = {isa = PBXFileReference; lastKnownFileType = sourcecode.c.objc; path = ViewController.m; sourceTree = "<group>"; };
		EBF3441C18172D15006F27FD /* Images.xcassets */ = {isa = PBXFileReference; lastKnownFileType = folder.assetcatalog; path = Images.xcassets; sourceTree = "<group>"; };
		EBF3442218172D16006F27FD /* Carillon LiteTests.xctest */ = {isa = PBXFileReference; explicitFileType = wrapper.cfbundle; includeInIndex = 0; path = "Carillon LiteTests.xctest"; sourceTree = BUILT_PRODUCTS_DIR; };
		EBF3442318172D16006F27FD /* XCTest.framework */ = {isa = PBXFileReference; lastKnownFileType = wrapper.framework; name = XCTest.framework; path = Library/Frameworks/XCTest.framework; sourceTree = DEVELOPER_DIR; };
		EBF3442B18172D16006F27FD /* Carillon LiteTests-Info.plist */ = {isa = PBXFileReference; lastKnownFileType = text.plist.xml; path = "Carillon LiteTests-Info.plist"; sourceTree = "<group>"; };
		EBF3442D18172D16006F27FD /* en */ = {isa = PBXFileReference; lastKnownFileType = text.plist.strings; name = en; path = en.lproj/InfoPlist.strings; sourceTree = "<group>"; };
		EBF3442F18172D16006F27FD /* Carillon_LiteTests.m */ = {isa = PBXFileReference; lastKnownFileType = sourcecode.c.objc; path = Carillon_LiteTests.m; sourceTree = "<group>"; };
/* End PBXFileReference section */

/* Begin PBXFrameworksBuildPhase section */
		EBF343FE18172D15006F27FD /* Frameworks */ = {
			isa = PBXFrameworksBuildPhase;
			buildActionMask = 2147483647;
			files = (
				EBF3440718172D15006F27FD /* CoreGraphics.framework in Frameworks */,
				EBF3440918172D15006F27FD /* UIKit.framework in Frameworks */,
				EBF3440518172D15006F27FD /* Foundation.framework in Frameworks */,
			);
			runOnlyForDeploymentPostprocessing = 0;
		};
		EBF3441F18172D16006F27FD /* Frameworks */ = {
			isa = PBXFrameworksBuildPhase;
			buildActionMask = 2147483647;
			files = (
				EBF3442418172D16006F27FD /* XCTest.framework in Frameworks */,
				EBF3442618172D16006F27FD /* UIKit.framework in Frameworks */,
				EBF3442518172D16006F27FD /* Foundation.framework in Frameworks */,
			);
			runOnlyForDeploymentPostprocessing = 0;
		};
/* End PBXFrameworksBuildPhase section */

/* Begin PBXGroup section */
		EB751B3A182D6EE600DFFB0B /* Drawer Classes */ = {
			isa = PBXGroup;
			children = (
				EB751B56182D6F0C00DFFB0B /* UIViewController+MMDrawerController.h */,
				EB751B57182D6F0C00DFFB0B /* UIViewController+MMDrawerController.m */,
				EB751B3B182D6EF400DFFB0B /* MMDrawerBarButtonItem.h */,
				EB751B3C182D6EF400DFFB0B /* MMDrawerBarButtonItem.m */,
				EB751B3D182D6EF400DFFB0B /* MMDrawerController.h */,
				EB751B3E182D6EF400DFFB0B /* MMDrawerController.m */,
				EB751B3F182D6EF400DFFB0B /* MMDrawerVisualState.h */,
				EB751B40182D6EF400DFFB0B /* MMDrawerVisualState.m */,
				EB751B41182D6EF400DFFB0B /* MMExampleDrawerVisualStateManager.h */,
				EB751B42182D6EF400DFFB0B /* MMExampleDrawerVisualStateManager.m */,
				EB751B43182D6EF400DFFB0B /* MMExampleLeftSideDrawerViewController.h */,
				EB751B44182D6EF400DFFB0B /* MMExampleLeftSideDrawerViewController.m */,
				EB751B47182D6EF400DFFB0B /* MMSideDrawerSectionHeaderView.h */,
				EB751B48182D6EF400DFFB0B /* MMSideDrawerSectionHeaderView.m */,
				EB751B49182D6EF400DFFB0B /* MMSideDrawerTableViewCell.h */,
				EB751B4A182D6EF400DFFB0B /* MMSideDrawerTableViewCell.m */,
				EB751B4B182D6EF400DFFB0B /* MMTableViewCell.h */,
				EB751B4C182D6EF400DFFB0B /* MMTableViewCell.m */,
			);
			name = "Drawer Classes";
			sourceTree = "<group>";
		};
		EBF343F818172D15006F27FD = {
			isa = PBXGroup;
			children = (
				EBF3440A18172D15006F27FD /* Carillon Lite */,
				EBF3442918172D16006F27FD /* Carillon LiteTests */,
				EBF3440318172D15006F27FD /* Frameworks */,
				EBF3440218172D15006F27FD /* Products */,
			);
			sourceTree = "<group>";
		};
		EBF3440218172D15006F27FD /* Products */ = {
			isa = PBXGroup;
			children = (
				EBF3440118172D15006F27FD /* Carillon Lite.app */,
				EBF3442218172D16006F27FD /* Carillon LiteTests.xctest */,
			);
			name = Products;
			sourceTree = "<group>";
		};
		EBF3440318172D15006F27FD /* Frameworks */ = {
			isa = PBXGroup;
			children = (
				EBF3440418172D15006F27FD /* Foundation.framework */,
				EBF3440618172D15006F27FD /* CoreGraphics.framework */,
				EBF3440818172D15006F27FD /* UIKit.framework */,
				EBF3442318172D16006F27FD /* XCTest.framework */,
			);
			name = Frameworks;
			sourceTree = "<group>";
		};
		EBF3440A18172D15006F27FD /* Carillon Lite */ = {
			isa = PBXGroup;
			children = (
				EBF3443918172D4E006F27FD /* iPad */,
				EBF3441318172D15006F27FD /* AppDelegate.h */,
				EBF3441418172D15006F27FD /* AppDelegate.m */,
				EBF3441618172D15006F27FD /* Main.storyboard */,
				EB751B5D182D9A5000DFFB0B /* ViewControllerDelegate.h */,
				EB751B45182D6EF400DFFB0B /* MMExampleSideDrawerViewController.h */,
				EB751B46182D6EF400DFFB0B /* MMExampleSideDrawerViewController.m */,
				EB751B59182D99F300DFFB0B /* ViewController_iPhone.xib */,
				EB751B5A182D99F300DFFB0B /* ViewController_iPad.xib */,
				EBF3441A18172D15006F27FD /* ViewController.m */,
				EBF3441918172D15006F27FD /* ViewController.h */,
				EB751B5E182D9D8C00DFFB0B /* MenuButton.png */,
				EB751B5F182D9D8C00DFFB0B /* MenuButton@2x.png */,
				EB751B62182DA0E400DFFB0B /* Roboto-Light.ttf */,
				EB751B63182DA0E400DFFB0B /* Roboto-Medium.ttf */,
				EB751B3A182D6EE600DFFB0B /* Drawer Classes */,
				EBF3441C18172D15006F27FD /* Images.xcassets */,
				EBF3440B18172D15006F27FD /* Supporting Files */,
			);
			path = "Carillon Lite";
			sourceTree = "<group>";
		};
		EBF3440B18172D15006F27FD /* Supporting Files */ = {
			isa = PBXGroup;
			children = (
				EBF3440C18172D15006F27FD /* Carillon Lite-Info.plist */,
				EBF3440D18172D15006F27FD /* InfoPlist.strings */,
				EBF3441018172D15006F27FD /* main.m */,
				EBF3441218172D15006F27FD /* Carillon Lite-Prefix.pch */,
			);
			name = "Supporting Files";
			sourceTree = "<group>";
		};
		EBF3442918172D16006F27FD /* Carillon LiteTests */ = {
			isa = PBXGroup;
			children = (
				EBF3442F18172D16006F27FD /* Carillon_LiteTests.m */,
				EBF3442A18172D16006F27FD /* Supporting Files */,
			);
			path = "Carillon LiteTests";
			sourceTree = "<group>";
		};
		EBF3442A18172D16006F27FD /* Supporting Files */ = {
			isa = PBXGroup;
			children = (
				EBF3442B18172D16006F27FD /* Carillon LiteTests-Info.plist */,
				EBF3442C18172D16006F27FD /* InfoPlist.strings */,
			);
			name = "Supporting Files";
			sourceTree = "<group>";
		};
		EBF3443918172D4E006F27FD /* iPad */ = {
			isa = PBXGroup;
			children = (
			);
			name = iPad;
			sourceTree = "<group>";
		};
/* End PBXGroup section */

/* Begin PBXNativeTarget section */
		EBF3440018172D15006F27FD /* Carillon Lite */ = {
			isa = PBXNativeTarget;
			buildConfigurationList = EBF3443318172D16006F27FD /* Build configuration list for PBXNativeTarget "Carillon Lite" */;
			buildPhases = (
				EBF343FD18172D15006F27FD /* Sources */,
				EBF343FE18172D15006F27FD /* Frameworks */,
				EBF343FF18172D15006F27FD /* Resources */,
			);
			buildRules = (
			);
			dependencies = (
			);
			name = "Carillon Lite";
			productName = "Carillon Lite";
			productReference = EBF3440118172D15006F27FD /* Carillon Lite.app */;
			productType = "com.apple.product-type.application";
		};
		EBF3442118172D16006F27FD /* Carillon LiteTests */ = {
			isa = PBXNativeTarget;
			buildConfigurationList = EBF3443618172D16006F27FD /* Build configuration list for PBXNativeTarget "Carillon LiteTests" */;
			buildPhases = (
				EBF3441E18172D16006F27FD /* Sources */,
				EBF3441F18172D16006F27FD /* Frameworks */,
				EBF3442018172D16006F27FD /* Resources */,
			);
			buildRules = (
			);
			dependencies = (
				EBF3442818172D16006F27FD /* PBXTargetDependency */,
			);
			name = "Carillon LiteTests";
			productName = "Carillon LiteTests";
			productReference = EBF3442218172D16006F27FD /* Carillon LiteTests.xctest */;
			productType = "com.apple.product-type.bundle.unit-test";
		};
/* End PBXNativeTarget section */

/* Begin PBXProject section */
		EBF343F918172D15006F27FD /* Project object */ = {
			isa = PBXProject;
			attributes = {
				LastUpgradeCheck = 0500;
				ORGANIZATIONNAME = "Sony Theakanath";
				TargetAttributes = {
					EBF3442118172D16006F27FD = {
						TestTargetID = EBF3440018172D15006F27FD;
					};
				};
			};
			buildConfigurationList = EBF343FC18172D15006F27FD /* Build configuration list for PBXProject "Carillon Lite" */;
			compatibilityVersion = "Xcode 3.2";
			developmentRegion = English;
			hasScannedForEncodings = 0;
			knownRegions = (
				en,
				Base,
			);
			mainGroup = EBF343F818172D15006F27FD;
			productRefGroup = EBF3440218172D15006F27FD /* Products */;
			projectDirPath = "";
			projectRoot = "";
			targets = (
				EBF3440018172D15006F27FD /* Carillon Lite */,
				EBF3442118172D16006F27FD /* Carillon LiteTests */,
			);
		};
/* End PBXProject section */

/* Begin PBXResourcesBuildPhase section */
		EBF343FF18172D15006F27FD /* Resources */ = {
			isa = PBXResourcesBuildPhase;
			buildActionMask = 2147483647;
			files = (
				EBF3441D18172D15006F27FD /* Images.xcassets in Resources */,
				EB751B61182D9D8C00DFFB0B /* MenuButton@2x.png in Resources */,
				EBF3440F18172D15006F27FD /* InfoPlist.strings in Resources */,
				EBF3441818172D15006F27FD /* Main.storyboard in Resources */,
				EB751B5C182D99F300DFFB0B /* ViewController_iPad.xib in Resources */,
				EB751B60182D9D8C00DFFB0B /* MenuButton.png in Resources */,
				EB751B64182DA0E400DFFB0B /* Roboto-Light.ttf in Resources */,
				EB751B5B182D99F300DFFB0B /* ViewController_iPhone.xib in Resources */,
				EB751B65182DA0E400DFFB0B /* Roboto-Medium.ttf in Resources */,
			);
			runOnlyForDeploymentPostprocessing = 0;
		};
		EBF3442018172D16006F27FD /* Resources */ = {
			isa = PBXResourcesBuildPhase;
			buildActionMask = 2147483647;
			files = (
				EBF3442E18172D16006F27FD /* InfoPlist.strings in Resources */,
			);
			runOnlyForDeploymentPostprocessing = 0;
		};
/* End PBXResourcesBuildPhase section */

/* Begin PBXSourcesBuildPhase section */
		EBF343FD18172D15006F27FD /* Sources */ = {
			isa = PBXSourcesBuildPhase;
			buildActionMask = 2147483647;
			files = (
				EB751B50182D6EF400DFFB0B /* MMExampleDrawerVisualStateManager.m in Sources */,
				EB751B4F182D6EF400DFFB0B /* MMDrawerVisualState.m in Sources */,
				EB751B52182D6EF400DFFB0B /* MMExampleSideDrawerViewController.m in Sources */,
				EB751B54182D6EF400DFFB0B /* MMSideDrawerTableViewCell.m in Sources */,
				EBF3441B18172D15006F27FD /* ViewController.m in Sources */,
				EB751B55182D6EF400DFFB0B /* MMTableViewCell.m in Sources */,
				EB751B4E182D6EF400DFFB0B /* MMDrawerController.m in Sources */,
				EB751B51182D6EF400DFFB0B /* MMExampleLeftSideDrawerViewController.m in Sources */,
				EB751B4D182D6EF400DFFB0B /* MMDrawerBarButtonItem.m in Sources */,
				EB751B58182D6F0C00DFFB0B /* UIViewController+MMDrawerController.m in Sources */,
				EBF3441518172D15006F27FD /* AppDelegate.m in Sources */,
				EBF3441118172D15006F27FD /* main.m in Sources */,
				EB751B53182D6EF400DFFB0B /* MMSideDrawerSectionHeaderView.m in Sources */,
			);
			runOnlyForDeploymentPostprocessing = 0;
		};
		EBF3441E18172D16006F27FD /* Sources */ = {
			isa = PBXSourcesBuildPhase;
			buildActionMask = 2147483647;
			files = (
				EBF3443018172D16006F27FD /* Carillon_LiteTests.m in Sources */,
			);
			runOnlyForDeploymentPostprocessing = 0;
		};
/* End PBXSourcesBuildPhase section */

/* Begin PBXTargetDependency section */
		EBF3442818172D16006F27FD /* PBXTargetDependency */ = {
			isa = PBXTargetDependency;
			target = EBF3440018172D15006F27FD /* Carillon Lite */;
			targetProxy = EBF3442718172D16006F27FD /* PBXContainerItemProxy */;
		};
/* End PBXTargetDependency section */

/* Begin PBXVariantGroup section */
		EBF3440D18172D15006F27FD /* InfoPlist.strings */ = {
			isa = PBXVariantGroup;
			children = (
				EBF3440E18172D15006F27FD /* en */,
			);
			name = InfoPlist.strings;
			sourceTree = "<group>";
		};
		EBF3441618172D15006F27FD /* Main.storyboard */ = {
			isa = PBXVariantGroup;
			children = (
				EBF3441718172D15006F27FD /* Base */,
			);
			name = Main.storyboard;
			sourceTree = "<group>";
		};
		EBF3442C18172D16006F27FD /* InfoPlist.strings */ = {
			isa = PBXVariantGroup;
			children = (
				EBF3442D18172D16006F27FD /* en */,
			);
			name = InfoPlist.strings;
			sourceTree = "<group>";
		};
/* End PBXVariantGroup section */

/* Begin XCBuildConfiguration section */
		EBF3443118172D16006F27FD /* Debug */ = {
			isa = XCBuildConfiguration;
			buildSettings = {
				ALWAYS_SEARCH_USER_PATHS = NO;
				ARCHS = "$(ARCHS_STANDARD_INCLUDING_64_BIT)";
				CLANG_CXX_LANGUAGE_STANDARD = "gnu++0x";
				CLANG_CXX_LIBRARY = "libc++";
				CLANG_ENABLE_MODULES = YES;
				CLANG_ENABLE_OBJC_ARC = YES;
				CLANG_WARN_BOOL_CONVERSION = YES;
				CLANG_WARN_CONSTANT_CONVERSION = YES;
				CLANG_WARN_DIRECT_OBJC_ISA_USAGE = YES_ERROR;
				CLANG_WARN_EMPTY_BODY = YES;
				CLANG_WARN_ENUM_CONVERSION = YES;
				CLANG_WARN_INT_CONVERSION = YES;
				CLANG_WARN_OBJC_ROOT_CLASS = YES_ERROR;
				CLANG_WARN__DUPLICATE_METHOD_MATCH = YES;
				"CODE_SIGN_IDENTITY[sdk=iphoneos*]" = "iPhone Developer";
				COPY_PHASE_STRIP = NO;
				GCC_C_LANGUAGE_STANDARD = gnu99;
				GCC_DYNAMIC_NO_PIC = NO;
				GCC_OPTIMIZATION_LEVEL = 0;
				GCC_PREPROCESSOR_DEFINITIONS = (
					"DEBUG=1",
					"$(inherited)",
				);
				GCC_SYMBOLS_PRIVATE_EXTERN = NO;
				GCC_WARN_64_TO_32_BIT_CONVERSION = YES;
				GCC_WARN_ABOUT_RETURN_TYPE = YES_ERROR;
				GCC_WARN_UNDECLARED_SELECTOR = YES;
				GCC_WARN_UNINITIALIZED_AUTOS = YES;
				GCC_WARN_UNUSED_FUNCTION = YES;
				GCC_WARN_UNUSED_VARIABLE = YES;
				IPHONEOS_DEPLOYMENT_TARGET = 7.0;
				ONLY_ACTIVE_ARCH = YES;
				SDKROOT = iphoneos;
			};
			name = Debug;
		};
		EBF3443218172D16006F27FD /* Release */ = {
			isa = XCBuildConfiguration;
			buildSettings = {
				ALWAYS_SEARCH_USER_PATHS = NO;
				ARCHS = "$(ARCHS_STANDARD_INCLUDING_64_BIT)";
				CLANG_CXX_LANGUAGE_STANDARD = "gnu++0x";
				CLANG_CXX_LIBRARY = "libc++";
				CLANG_ENABLE_MODULES = YES;
				CLANG_ENABLE_OBJC_ARC = YES;
				CLANG_WARN_BOOL_CONVERSION = YES;
				CLANG_WARN_CONSTANT_CONVERSION = YES;
				CLANG_WARN_DIRECT_OBJC_ISA_USAGE = YES_ERROR;
				CLANG_WARN_EMPTY_BODY = YES;
				CLANG_WARN_ENUM_CONVERSION = YES;
				CLANG_WARN_INT_CONVERSION = YES;
				CLANG_WARN_OBJC_ROOT_CLASS = YES_ERROR;
				CLANG_WARN__DUPLICATE_METHOD_MATCH = YES;
				"CODE_SIGN_IDENTITY[sdk=iphoneos*]" = "iPhone Developer";
				COPY_PHASE_STRIP = YES;
				ENABLE_NS_ASSERTIONS = NO;
				GCC_C_LANGUAGE_STANDARD = gnu99;
				GCC_WARN_64_TO_32_BIT_CONVERSION = YES;
				GCC_WARN_ABOUT_RETURN_TYPE = YES_ERROR;
				GCC_WARN_UNDECLARED_SELECTOR = YES;
				GCC_WARN_UNINITIALIZED_AUTOS = YES;
				GCC_WARN_UNUSED_FUNCTION = YES;
				GCC_WARN_UNUSED_VARIABLE = YES;
				IPHONEOS_DEPLOYMENT_TARGET = 7.0;
				SDKROOT = iphoneos;
				VALIDATE_PRODUCT = YES;
			};
			name = Release;
		};
		EBF3443418172D16006F27FD /* Debug */ = {
			isa = XCBuildConfiguration;
			buildSettings = {
				ASSETCATALOG_COMPILER_APPICON_NAME = "AppIcon-2";
				ASSETCATALOG_COMPILER_LAUNCHIMAGE_NAME = "LaunchImage-2";
				GCC_PRECOMPILE_PREFIX_HEADER = YES;
				GCC_PREFIX_HEADER = "Carillon Lite/Carillon Lite-Prefix.pch";
				INFOPLIST_FILE = "Carillon Lite/Carillon Lite-Info.plist";
				IPHONEOS_DEPLOYMENT_TARGET = 7.0;
				PRODUCT_NAME = "$(TARGET_NAME)";
				TARGETED_DEVICE_FAMILY = "1,2";
				WRAPPER_EXTENSION = app;
			};
			name = Debug;
		};
		EBF3443518172D16006F27FD /* Release */ = {
			isa = XCBuildConfiguration;
			buildSettings = {
				ASSETCATALOG_COMPILER_APPICON_NAME = "AppIcon-2";
				ASSETCATALOG_COMPILER_LAUNCHIMAGE_NAME = "LaunchImage-2";
				GCC_PRECOMPILE_PREFIX_HEADER = YES;
				GCC_PREFIX_HEADER = "Carillon Lite/Carillon Lite-Prefix.pch";
				INFOPLIST_FILE = "Carillon Lite/Carillon Lite-Info.plist";
				IPHONEOS_DEPLOYMENT_TARGET = 7.0;
				PRODUCT_NAME = "$(TARGET_NAME)";
				TARGETED_DEVICE_FAMILY = "1,2";
				WRAPPER_EXTENSION = app;
			};
			name = Release;
		};
		EBF3443718172D16006F27FD /* Debug */ = {
			isa = XCBuildConfiguration;
			buildSettings = {
				ARCHS = "$(ARCHS_STANDARD_INCLUDING_64_BIT)";
				BUNDLE_LOADER = "$(BUILT_PRODUCTS_DIR)/Carillon Lite.app/Carillon Lite";
				FRAMEWORK_SEARCH_PATHS = (
					"$(SDKROOT)/Developer/Library/Frameworks",
					"$(inherited)",
					"$(DEVELOPER_FRAMEWORKS_DIR)",
				);
				GCC_PRECOMPILE_PREFIX_HEADER = YES;
				GCC_PREFIX_HEADER = "Carillon Lite/Carillon Lite-Prefix.pch";
				GCC_PREPROCESSOR_DEFINITIONS = (
					"DEBUG=1",
					"$(inherited)",
				);
				INFOPLIST_FILE = "Carillon LiteTests/Carillon LiteTests-Info.plist";
				PRODUCT_NAME = "$(TARGET_NAME)";
				TEST_HOST = "$(BUNDLE_LOADER)";
				WRAPPER_EXTENSION = xctest;
			};
			name = Debug;
		};
		EBF3443818172D16006F27FD /* Release */ = {
			isa = XCBuildConfiguration;
			buildSettings = {
				ARCHS = "$(ARCHS_STANDARD_INCLUDING_64_BIT)";
				BUNDLE_LOADER = "$(BUILT_PRODUCTS_DIR)/Carillon Lite.app/Carillon Lite";
				FRAMEWORK_SEARCH_PATHS = (
					"$(SDKROOT)/Developer/Library/Frameworks",
					"$(inherited)",
					"$(DEVELOPER_FRAMEWORKS_DIR)",
				);
				GCC_PRECOMPILE_PREFIX_HEADER = YES;
				GCC_PREFIX_HEADER = "Carillon Lite/Carillon Lite-Prefix.pch";
				INFOPLIST_FILE = "Carillon LiteTests/Carillon LiteTests-Info.plist";
				PRODUCT_NAME = "$(TARGET_NAME)";
				TEST_HOST = "$(BUNDLE_LOADER)";
				WRAPPER_EXTENSION = xctest;
			};
			name = Release;
		};
/* End XCBuildConfiguration section */

/* Begin XCConfigurationList section */
		EBF343FC18172D15006F27FD /* Build configuration list for PBXProject "Carillon Lite" */ = {
			isa = XCConfigurationList;
			buildConfigurations = (
				EBF3443118172D16006F27FD /* Debug */,
				EBF3443218172D16006F27FD /* Release */,
			);
			defaultConfigurationIsVisible = 0;
			defaultConfigurationName = Release;
		};
		EBF3443318172D16006F27FD /* Build configuration list for PBXNativeTarget "Carillon Lite" */ = {
			isa = XCConfigurationList;
			buildConfigurations = (
				EBF3443418172D16006F27FD /* Debug */,
				EBF3443518172D16006F27FD /* Release */,
			);
			defaultConfigurationIsVisible = 0;
			defaultConfigurationName = Release;
		};
		EBF3443618172D16006F27FD /* Build configuration list for PBXNativeTarget "Carillon LiteTests" */ = {
			isa = XCConfigurationList;
			buildConfigurations = (
				EBF3443718172D16006F27FD /* Debug */,
				EBF3443818172D16006F27FD /* Release */,
			);
			defaultConfigurationIsVisible = 0;
			defaultConfigurationName = Release;
		};
/* End XCConfigurationList section */
	};
	rootObject = EBF343F918172D15006F27FD /* Project object */;
}
